
Microsoft Visual Studio Solution File, Format Version 12.00
# Visual Studio Version 17
VisualStudioVersion = 17.5.33627.172
MinimumVisualStudioVersion = 10.0.40219.1
Project("{9A19103F-16F7-4668-BE54-9A1E7A4F7556}") = "NZWalks", "NZWalks\NZWalks.csproj", "{90D59537-0FEA-4523-BF00-0258574858D4}"
EndProject
Project("{FAE04EC0-301F-11D3-BF4B-00C04F79EFBC}") = "NZWalks.UI", "NZWalks.UI\NZWalks.UI.csproj", "{C4D19BE0-79C9-4149-BBDE-1C80D26FE0A9}"
EndProject
Global
	GlobalSection(SolutionConfigurationPlatforms) = preSolution
		Debug|Any CPU = Debug|Any CPU
		Release|Any CPU = Release|Any CPU
	EndGlobalSection
	GlobalSection(ProjectConfigurationPlatforms) = postSolution
		{90D59537-0FEA-4523-BF00-0258574858D4}.Debug|Any CPU.ActiveCfg = Debug|Any CPU
		{90D59537-0FEA-4523-BF00-0258574858D4}.Debug|Any CPU.Build.0 = Debug|Any CPU
		{90D59537-0FEA-4523-BF00-0258574858D4}.Release|Any CPU.ActiveCfg = Release|Any CPU
		{90D59537-0FEA-4523-BF00-0258574858D4}.Release|Any CPU.Build.0 = Release|Any CPU
		{C4D19BE0-79C9-4149-BBDE-1C80D26FE0A9}.Debug|Any CPU.ActiveCfg = Debug|Any CPU
		{C4D19BE0-79C9-4149-BBDE-1C80D26FE0A9}.Debug|Any CPU.Build.0 = Debug|Any CPU
		{C4D19BE0-79C9-4149-BBDE-1C80D26FE0A9}.Release|Any CPU.ActiveCfg = Release|Any CPU
		{C4D19BE0-79C9-4149-BBDE-1C80D26FE0A9}.Release|Any CPU.Build.0 = Release|Any CPU
	EndGlobalSection
	GlobalSection(SolutionProperties) = preSolution
		HideSolutionNode = FALSE
	EndGlobalSection
	GlobalSection(ExtensibilityGlobals) = postSolution
		SolutionGuid = {F1928FB9-3F7E-4051-AE28-887220A1D26D}
	EndGlobalSection
EndGlobal
